{
    "version": 3,
    "terraform_version": "0.11.7",
    "serial": 2,
    "lineage": "33933e95-c79e-4d2b-b578-14da4f63ffb8",
    "modules": [
        {
            "path": [
                "root"
            ],
            "outputs": {},
            "resources": {
                "aws_db_subnet_group.temasys_rds_subnet_group": {
                    "type": "aws_db_subnet_group",
                    "depends_on": [
                        "aws_subnet.temasys_rds_1",
                        "aws_subnet.temasys_rds_2",
                        "aws_subnet.temasys_rds_3"
                    ],
                    "primary": {
                        "id": "terraform-20180423100315810100000001",
                        "attributes": {
                            "arn": "arn:aws:rds:us-east-1:498433337669:subgrp:terraform-20180423100315810100000001",
                            "description": "Managed by Terraform",
                            "id": "terraform-20180423100315810100000001",
                            "name": "terraform-20180423100315810100000001",
                            "subnet_ids.#": "3",
                            "subnet_ids.1672765502": "subnet-998560c5",
                            "subnet_ids.3434389575": "subnet-82f710ac",
                            "subnet_ids.3523457580": "subnet-b107f1d6",
                            "tags.%": "0"
                        },
                        "meta": {},
                        "tainted": false
                    },
                    "deposed": [],
                    "provider": "provider.aws"
                },
                "aws_elb.temasys_elb": {
                    "type": "aws_elb",
                    "depends_on": [
                        "aws_security_group.temasys_rds_sg",
                        "aws_subnet.temasys_pub_1",
                        "aws_subnet.temasys_pub_2"
                    ],
                    "primary": {
                        "id": "sicario-elb",
                        "attributes": {
                            "availability_zones.#": "0",
                            "connection_draining": "true",
                            "connection_draining_timeout": "400",
                            "cross_zone_load_balancing": "true",
                            "id": "sicario-elb",
                            "idle_timeout": "400",
                            "listener.#": "1",
                            "listener.3057123346.instance_port": "80",
                            "listener.3057123346.instance_protocol": "http",
                            "listener.3057123346.lb_port": "80",
                            "listener.3057123346.lb_protocol": "http",
                            "listener.3057123346.ssl_certificate_id": "",
                            "name": "sicario-elb",
                            "security_groups.#": "1",
                            "security_groups.1691112988": "sg-9e1b69d7",
                            "subnets.#": "2",
                            "subnets.2417656263": "subnet-09856055",
                            "subnets.670201920": "subnet-cf04f2a8"
                        },
                        "meta": {},
                        "tainted": false
                    },
                    "deposed": [],
                    "provider": "provider.aws"
                },
                "aws_internet_gateway.Temasys_IGW": {
                    "type": "aws_internet_gateway",
                    "depends_on": [
                        "aws_vpc.teamsys-vpc1"
                    ],
                    "primary": {
                        "id": "igw-077eed7f",
                        "attributes": {
                            "id": "igw-077eed7f",
                            "tags.%": "1",
                            "tags.Name": "Temasys_IGW",
                            "vpc_id": "vpc-cc7d3eb7"
                        },
                        "meta": {},
                        "tainted": false
                    },
                    "deposed": [],
                    "provider": "provider.aws"
                },
                "aws_key_pair.keys": {
                    "type": "aws_key_pair",
                    "depends_on": [],
                    "primary": {
                        "id": "boogyman",
                        "attributes": {
                            "id": "boogyman",
                            "key_name": "boogyman",
                            "public_key": "ssh-rsa AAAAB3NzaC1yc2EAAAADAQABAAABAQDNLxfkethpTldGsNcwE2XBti/YQzi+RCStw9Lmc/X1kkLfLloU9tzd8MsGR6gHZ7jdFL9/Yc+SPeCZc7R348sgWmRnt6mNkqftYWPuoic6AXHc3eM1la23gyOHs6IsuDk3iQwJ5hR/mwykEYIKcvoSdCv5WAFwuoYz4JzlD7oD+36IvlxkdZDZxJBjLweBnIz4qvR629T02bW5LYn2Mu5H7jURtWBcA5pQna/AdIX14LhIgmLQyyG6HrFv4u8+IlA6PUwZoysNcw5vqv0HIAgidUUpZQDc9dKuFiF4a0T/FypR7CUjBbTN9oych2Tw/RlnE/QI5iJMLV8zAtvqfq7R dilan@Patricks-MBP.localdomain"
                        },
                        "meta": {
                            "schema_version": "1"
                        },
                        "tainted": false
                    },
                    "deposed": [],
                    "provider": "provider.aws"
                },
                "aws_network_acl.teamsys-vpc1-nacl": {
                    "type": "aws_network_acl",
                    "depends_on": [
                        "aws_vpc.teamsys-vpc1"
                    ],
                    "primary": {
                        "id": "acl-e6ef4b9c",
                        "attributes": {
                            "egress.#": "2",
                            "egress.1021143369.action": "allow",
                            "egress.1021143369.cidr_block": "10.0.0.0/16",
                            "egress.1021143369.from_port": "22",
                            "egress.1021143369.icmp_code": "0",
                            "egress.1021143369.icmp_type": "0",
                            "egress.1021143369.ipv6_cidr_block": "",
                            "egress.1021143369.protocol": "6",
                            "egress.1021143369.rule_no": "240",
                            "egress.1021143369.to_port": "22",
                            "egress.947103068.action": "allow",
                            "egress.947103068.cidr_block": "10.0.0.0/16",
                            "egress.947103068.from_port": "80",
                            "egress.947103068.icmp_code": "0",
                            "egress.947103068.icmp_type": "0",
                            "egress.947103068.ipv6_cidr_block": "",
                            "egress.947103068.protocol": "6",
                            "egress.947103068.rule_no": "220",
                            "egress.947103068.to_port": "80",
                            "id": "acl-e6ef4b9c",
                            "ingress.#": "2",
                            "ingress.2624130155.action": "allow",
                            "ingress.2624130155.cidr_block": "10.0.0.0/16",
                            "ingress.2624130155.from_port": "22",
                            "ingress.2624130155.icmp_code": "0",
                            "ingress.2624130155.icmp_type": "0",
                            "ingress.2624130155.ipv6_cidr_block": "",
                            "ingress.2624130155.protocol": "6",
                            "ingress.2624130155.rule_no": "120",
                            "ingress.2624130155.to_port": "22",
                            "ingress.2678442263.action": "allow",
                            "ingress.2678442263.cidr_block": "10.0.0.0/16",
                            "ingress.2678442263.from_port": "80",
                            "ingress.2678442263.icmp_code": "0",
                            "ingress.2678442263.icmp_type": "0",
                            "ingress.2678442263.ipv6_cidr_block": "",
                            "ingress.2678442263.protocol": "6",
                            "ingress.2678442263.rule_no": "110",
                            "ingress.2678442263.to_port": "80",
                            "subnet_ids.#": "0",
                            "tags.%": "1",
                            "tags.Name": "Temasys_NACL",
                            "vpc_id": "vpc-cc7d3eb7"
                        },
                        "meta": {},
                        "tainted": false
                    },
                    "deposed": [],
                    "provider": "provider.aws"
                },
                "aws_route_table.temasys_private_rt": {
                    "type": "aws_route_table",
                    "depends_on": [
                        "aws_vpc.teamsys-vpc1"
                    ],
                    "primary": {
                        "id": "rtb-3222764e",
                        "attributes": {
                            "id": "rtb-3222764e",
                            "propagating_vgws.#": "0",
                            "route.#": "0",
                            "tags.%": "0",
                            "vpc_id": "vpc-cc7d3eb7"
                        },
                        "meta": {},
                        "tainted": false
                    },
                    "deposed": [],
                    "provider": "provider.aws"
                },
                "aws_route_table.temasys_public_rt": {
                    "type": "aws_route_table",
                    "depends_on": [
                        "aws_internet_gateway.Temasys_IGW",
                        "aws_vpc.teamsys-vpc1"
                    ],
                    "primary": {
                        "id": "rtb-842773f8",
                        "attributes": {
                            "id": "rtb-842773f8",
                            "propagating_vgws.#": "0",
                            "route.#": "1",
                            "route.1540379359.cidr_block": "0.0.0.0/0",
                            "route.1540379359.egress_only_gateway_id": "",
                            "route.1540379359.gateway_id": "igw-077eed7f",
                            "route.1540379359.instance_id": "",
                            "route.1540379359.ipv6_cidr_block": "",
                            "route.1540379359.nat_gateway_id": "",
                            "route.1540379359.network_interface_id": "",
                            "route.1540379359.vpc_peering_connection_id": "",
                            "tags.%": "1",
                            "tags.Name": "Temasys_Public_rt",
                            "vpc_id": "vpc-cc7d3eb7"
                        },
                        "meta": {},
                        "tainted": false
                    },
                    "deposed": [],
                    "provider": "provider.aws"
                },
                "aws_route_table_association.temasys_private_a": {
                    "type": "aws_route_table_association",
                    "depends_on": [
                        "aws_route_table.temasys_private_rt",
                        "aws_subnet.temasys_pri_1"
                    ],
                    "primary": {
                        "id": "rtbassoc-c72cafb8",
                        "attributes": {
                            "id": "rtbassoc-c72cafb8",
                            "route_table_id": "rtb-3222764e",
                            "subnet_id": "subnet-5086630c"
                        },
                        "meta": {},
                        "tainted": false
                    },
                    "deposed": [],
                    "provider": "provider.aws"
                },
                "aws_route_table_association.temasys_private_b": {
                    "type": "aws_route_table_association",
                    "depends_on": [
                        "aws_route_table.temasys_private_rt",
                        "aws_subnet.temasys_pri_2"
                    ],
                    "primary": {
                        "id": "rtbassoc-e823a097",
                        "attributes": {
                            "id": "rtbassoc-e823a097",
                            "route_table_id": "rtb-3222764e",
                            "subnet_id": "subnet-b207f1d5"
                        },
                        "meta": {},
                        "tainted": false
                    },
                    "deposed": [],
                    "provider": "provider.aws"
                },
                "aws_route_table_association.temasys_public_a": {
                    "type": "aws_route_table_association",
                    "depends_on": [
                        "aws_route_table.temasys_public_rt",
                        "aws_subnet.temasys_pub_1"
                    ],
                    "primary": {
                        "id": "rtbassoc-ba199ac5",
                        "attributes": {
                            "id": "rtbassoc-ba199ac5",
                            "route_table_id": "rtb-842773f8",
                            "subnet_id": "subnet-09856055"
                        },
                        "meta": {},
                        "tainted": false
                    },
                    "deposed": [],
                    "provider": "provider.aws"
                },
                "aws_route_table_association.temasys_public_b": {
                    "type": "aws_route_table_association",
                    "depends_on": [
                        "aws_route_table.temasys_public_rt",
                        "aws_subnet.temasys_pub_2"
                    ],
                    "primary": {
                        "id": "rtbassoc-6a28ab15",
                        "attributes": {
                            "id": "rtbassoc-6a28ab15",
                            "route_table_id": "rtb-842773f8",
                            "subnet_id": "subnet-cf04f2a8"
                        },
                        "meta": {},
                        "tainted": false
                    },
                    "deposed": [],
                    "provider": "provider.aws"
                },
                "aws_security_group.temasys_ec2_sg": {
                    "type": "aws_security_group",
                    "depends_on": [
                        "aws_vpc.teamsys-vpc1"
                    ],
                    "primary": {
                        "id": "sg-1300725a",
                        "attributes": {
                            "arn": "arn:aws:ec2:us-east-1:498433337669:security-group/sg-1300725a",
                            "description": "EC2 Securtiy Group",
                            "egress.#": "1",
                            "egress.482069346.cidr_blocks.#": "1",
                            "egress.482069346.cidr_blocks.0": "0.0.0.0/0",
                            "egress.482069346.description": "",
                            "egress.482069346.from_port": "0",
                            "egress.482069346.ipv6_cidr_blocks.#": "0",
                            "egress.482069346.prefix_list_ids.#": "0",
                            "egress.482069346.protocol": "-1",
                            "egress.482069346.security_groups.#": "0",
                            "egress.482069346.self": "false",
                            "egress.482069346.to_port": "0",
                            "id": "sg-1300725a",
                            "ingress.#": "2",
                            "ingress.2214680975.cidr_blocks.#": "1",
                            "ingress.2214680975.cidr_blocks.0": "0.0.0.0/0",
                            "ingress.2214680975.description": "",
                            "ingress.2214680975.from_port": "80",
                            "ingress.2214680975.ipv6_cidr_blocks.#": "0",
                            "ingress.2214680975.protocol": "tcp",
                            "ingress.2214680975.security_groups.#": "0",
                            "ingress.2214680975.self": "false",
                            "ingress.2214680975.to_port": "80",
                            "ingress.2541437006.cidr_blocks.#": "1",
                            "ingress.2541437006.cidr_blocks.0": "0.0.0.0/0",
                            "ingress.2541437006.description": "",
                            "ingress.2541437006.from_port": "22",
                            "ingress.2541437006.ipv6_cidr_blocks.#": "0",
                            "ingress.2541437006.protocol": "tcp",
                            "ingress.2541437006.security_groups.#": "0",
                            "ingress.2541437006.self": "false",
                            "ingress.2541437006.to_port": "22",
                            "name": "temasys_ec2_sg",
                            "owner_id": "498433337669",
                            "revoke_rules_on_delete": "false",
                            "tags.%": "1",
                            "tags.Name": "Ec2 SG",
                            "vpc_id": "vpc-cc7d3eb7"
                        },
                        "meta": {
                            "e2bfb730-ecaa-11e6-8f88-34363bc7c4c0": {
                                "create": 600000000000,
                                "delete": 600000000000
                            },
                            "schema_version": "1"
                        },
                        "tainted": false
                    },
                    "deposed": [],
                    "provider": "provider.aws"
                },
                "aws_security_group.temasys_elb_sg": {
                    "type": "aws_security_group",
                    "depends_on": [
                        "aws_vpc.teamsys-vpc1"
                    ],
                    "primary": {
                        "id": "sg-5b077512",
                        "attributes": {
                            "arn": "arn:aws:ec2:us-east-1:498433337669:security-group/sg-5b077512",
                            "description": "RdS security group ",
                            "egress.#": "1",
                            "egress.482069346.cidr_blocks.#": "1",
                            "egress.482069346.cidr_blocks.0": "0.0.0.0/0",
                            "egress.482069346.description": "",
                            "egress.482069346.from_port": "0",
                            "egress.482069346.ipv6_cidr_blocks.#": "0",
                            "egress.482069346.prefix_list_ids.#": "0",
                            "egress.482069346.protocol": "-1",
                            "egress.482069346.security_groups.#": "0",
                            "egress.482069346.self": "false",
                            "egress.482069346.to_port": "0",
                            "id": "sg-5b077512",
                            "ingress.#": "1",
                            "ingress.2214680975.cidr_blocks.#": "1",
                            "ingress.2214680975.cidr_blocks.0": "0.0.0.0/0",
                            "ingress.2214680975.description": "",
                            "ingress.2214680975.from_port": "80",
                            "ingress.2214680975.ipv6_cidr_blocks.#": "0",
                            "ingress.2214680975.protocol": "tcp",
                            "ingress.2214680975.security_groups.#": "0",
                            "ingress.2214680975.self": "false",
                            "ingress.2214680975.to_port": "80",
                            "name": "temasys_elb_sg",
                            "owner_id": "498433337669",
                            "revoke_rules_on_delete": "false",
                            "tags.%": "0",
                            "vpc_id": "vpc-cc7d3eb7"
                        },
                        "meta": {
                            "e2bfb730-ecaa-11e6-8f88-34363bc7c4c0": {
                                "create": 600000000000,
                                "delete": 600000000000
                            },
                            "schema_version": "1"
                        },
                        "tainted": false
                    },
                    "deposed": [],
                    "provider": "provider.aws"
                },
                "aws_security_group.temasys_rds_sg": {
                    "type": "aws_security_group",
                    "depends_on": [
                        "aws_security_group.temasys_ec2_sg",
                        "aws_vpc.teamsys-vpc1"
                    ],
                    "primary": {
                        "id": "sg-9e1b69d7",
                        "attributes": {
                            "arn": "arn:aws:ec2:us-east-1:498433337669:security-group/sg-9e1b69d7",
                            "description": "RDS Security Group",
                            "egress.#": "0",
                            "id": "sg-9e1b69d7",
                            "ingress.#": "1",
                            "ingress.3796669856.cidr_blocks.#": "0",
                            "ingress.3796669856.description": "",
                            "ingress.3796669856.from_port": "3306",
                            "ingress.3796669856.ipv6_cidr_blocks.#": "0",
                            "ingress.3796669856.protocol": "tcp",
                            "ingress.3796669856.security_groups.#": "1",
                            "ingress.3796669856.security_groups.3957509754": "sg-1300725a",
                            "ingress.3796669856.self": "false",
                            "ingress.3796669856.to_port": "3306",
                            "name": "temasys_rds_sg",
                            "owner_id": "498433337669",
                            "revoke_rules_on_delete": "false",
                            "tags.%": "0",
                            "vpc_id": "vpc-cc7d3eb7"
                        },
                        "meta": {
                            "e2bfb730-ecaa-11e6-8f88-34363bc7c4c0": {
                                "create": 600000000000,
                                "delete": 600000000000
                            },
                            "schema_version": "1"
                        },
                        "tainted": false
                    },
                    "deposed": [],
                    "provider": "provider.aws"
                },
                "aws_subnet.temasys_pri_1": {
                    "type": "aws_subnet",
                    "depends_on": [
                        "aws_vpc.teamsys-vpc1",
                        "data.aws_availability_zones.available"
                    ],
                    "primary": {
                        "id": "subnet-5086630c",
                        "attributes": {
                            "assign_ipv6_address_on_creation": "false",
                            "availability_zone": "us-east-1a",
                            "cidr_block": "10.0.3.0/24",
                            "id": "subnet-5086630c",
                            "map_public_ip_on_launch": "false",
                            "tags.%": "1",
                            "tags.Name": "PrivateSub_1",
                            "vpc_id": "vpc-cc7d3eb7"
                        },
                        "meta": {
                            "schema_version": "1"
                        },
                        "tainted": false
                    },
                    "deposed": [],
                    "provider": "provider.aws"
                },
                "aws_subnet.temasys_pri_2": {
                    "type": "aws_subnet",
                    "depends_on": [
                        "aws_vpc.teamsys-vpc1",
                        "data.aws_availability_zones.available"
                    ],
                    "primary": {
                        "id": "subnet-b207f1d5",
                        "attributes": {
                            "assign_ipv6_address_on_creation": "false",
                            "availability_zone": "us-east-1b",
                            "cidr_block": "10.0.4.0/24",
                            "id": "subnet-b207f1d5",
                            "map_public_ip_on_launch": "false",
                            "tags.%": "1",
                            "tags.Name": "PrivateSub_2",
                            "vpc_id": "vpc-cc7d3eb7"
                        },
                        "meta": {
                            "schema_version": "1"
                        },
                        "tainted": false
                    },
                    "deposed": [],
                    "provider": "provider.aws"
                },
                "aws_subnet.temasys_pub_1": {
                    "type": "aws_subnet",
                    "depends_on": [
                        "aws_vpc.teamsys-vpc1",
                        "data.aws_availability_zones.available"
                    ],
                    "primary": {
                        "id": "subnet-09856055",
                        "attributes": {
                            "assign_ipv6_address_on_creation": "false",
                            "availability_zone": "us-east-1a",
                            "cidr_block": "10.0.1.0/24",
                            "id": "subnet-09856055",
                            "map_public_ip_on_launch": "true",
                            "tags.%": "1",
                            "tags.Name": "PublicSub_1",
                            "vpc_id": "vpc-cc7d3eb7"
                        },
                        "meta": {
                            "schema_version": "1"
                        },
                        "tainted": false
                    },
                    "deposed": [],
                    "provider": "provider.aws"
                },
                "aws_subnet.temasys_pub_2": {
                    "type": "aws_subnet",
                    "depends_on": [
                        "aws_vpc.teamsys-vpc1",
                        "data.aws_availability_zones.available"
                    ],
                    "primary": {
                        "id": "subnet-cf04f2a8",
                        "attributes": {
                            "assign_ipv6_address_on_creation": "false",
                            "availability_zone": "us-east-1b",
                            "cidr_block": "10.0.2.0/24",
                            "id": "subnet-cf04f2a8",
                            "map_public_ip_on_launch": "true",
                            "tags.%": "1",
                            "tags.Name": "PublicSub_2",
                            "vpc_id": "vpc-cc7d3eb7"
                        },
                        "meta": {
                            "schema_version": "1"
                        },
                        "tainted": false
                    },
                    "deposed": [],
                    "provider": "provider.aws"
                },
                "aws_subnet.temasys_rds_1": {
                    "type": "aws_subnet",
                    "depends_on": [
                        "aws_vpc.teamsys-vpc1",
                        "data.aws_availability_zones.available"
                    ],
                    "primary": {
                        "id": "subnet-998560c5",
                        "attributes": {
                            "assign_ipv6_address_on_creation": "false",
                            "availability_zone": "us-east-1a",
                            "cidr_block": "10.0.5.0/24",
                            "id": "subnet-998560c5",
                            "map_public_ip_on_launch": "true",
                            "tags.%": "1",
                            "tags.Name": "temasys_rds_1",
                            "vpc_id": "vpc-cc7d3eb7"
                        },
                        "meta": {
                            "schema_version": "1"
                        },
                        "tainted": false
                    },
                    "deposed": [],
                    "provider": "provider.aws"
                },
                "aws_subnet.temasys_rds_2": {
                    "type": "aws_subnet",
                    "depends_on": [
                        "aws_vpc.teamsys-vpc1",
                        "data.aws_availability_zones.available"
                    ],
                    "primary": {
                        "id": "subnet-b107f1d6",
                        "attributes": {
                            "assign_ipv6_address_on_creation": "false",
                            "availability_zone": "us-east-1b",
                            "cidr_block": "10.0.6.0/24",
                            "id": "subnet-b107f1d6",
                            "map_public_ip_on_launch": "true",
                            "tags.%": "1",
                            "tags.Name": "temasys_rds_2",
                            "vpc_id": "vpc-cc7d3eb7"
                        },
                        "meta": {
                            "schema_version": "1"
                        },
                        "tainted": false
                    },
                    "deposed": [],
                    "provider": "provider.aws"
                },
                "aws_subnet.temasys_rds_3": {
                    "type": "aws_subnet",
                    "depends_on": [
                        "aws_vpc.teamsys-vpc1",
                        "data.aws_availability_zones.available"
                    ],
                    "primary": {
                        "id": "subnet-82f710ac",
                        "attributes": {
                            "assign_ipv6_address_on_creation": "false",
                            "availability_zone": "us-east-1c",
                            "cidr_block": "10.0.7.0/24",
                            "id": "subnet-82f710ac",
                            "map_public_ip_on_launch": "false",
                            "tags.%": "0",
                            "vpc_id": "vpc-cc7d3eb7"
                        },
                        "meta": {
                            "schema_version": "1"
                        },
                        "tainted": false
                    },
                    "deposed": [],
                    "provider": "provider.aws"
                },
                "aws_vpc.teamsys-vpc1": {
                    "type": "aws_vpc",
                    "depends_on": [],
                    "primary": {
                        "id": "vpc-cc7d3eb7",
                        "attributes": {
                            "assign_generated_ipv6_cidr_block": "false",
                            "cidr_block": "10.0.0.0/16",
                            "default_network_acl_id": "acl-92ec48e8",
                            "default_route_table_id": "rtb-2020745c",
                            "default_security_group_id": "sg-c415678d",
                            "dhcp_options_id": "dopt-4ff09629",
                            "enable_classiclink": "false",
                            "enable_classiclink_dns_support": "false",
                            "enable_dns_hostnames": "true",
                            "enable_dns_support": "true",
                            "id": "vpc-cc7d3eb7",
                            "instance_tenancy": "default",
                            "main_route_table_id": "rtb-2020745c",
                            "tags.%": "1",
                            "tags.Name": "Temasys-VPC"
                        },
                        "meta": {
                            "schema_version": "1"
                        },
                        "tainted": false
                    },
                    "deposed": [],
                    "provider": "provider.aws"
                },
                "data.aws_availability_zones.available": {
                    "type": "aws_availability_zones",
                    "depends_on": [],
                    "primary": {
                        "id": "2018-04-23 10:02:34.985519 +0000 UTC",
                        "attributes": {
                            "id": "2018-04-23 10:02:34.985519 +0000 UTC",
                            "names.#": "6",
                            "names.0": "us-east-1a",
                            "names.1": "us-east-1b",
                            "names.2": "us-east-1c",
                            "names.3": "us-east-1d",
                            "names.4": "us-east-1e",
                            "names.5": "us-east-1f"
                        },
                        "meta": {},
                        "tainted": false
                    },
                    "deposed": [],
                    "provider": "provider.aws"
                },
                "random_id.golden_ami": {
                    "type": "random_id",
                    "depends_on": [],
                    "primary": {
                        "id": "QfK0",
                        "attributes": {
                            "b64": "QfK0",
                            "b64_std": "QfK0",
                            "b64_url": "QfK0",
                            "byte_length": "3",
                            "dec": "4321972",
                            "hex": "41f2b4",
                            "id": "QfK0"
                        },
                        "meta": {},
                        "tainted": false
                    },
                    "deposed": [],
                    "provider": "provider.random"
                }
            },
            "depends_on": []
        }
    ]
}
